NeoBundleLock ctrlp.vim 5f317f0285c279ca77acea37e9e746111a0ecfe2
NeoBundleLock neobundle.vim 108ce2c80e0af6898f967f4df7ff189368351ff6
NeoBundleLock neosnippet-snippets efde233eab9898defd1155eb0c7a76a40481318b
NeoBundleLock neosnippet.vim e619d43571a675057461f29f2c039dab64728f32
NeoBundleLock seti.vim 519a773fd6221fcdb9000d7dbb364da04021c011
NeoBundleLock vim-colorschemes 28a989b28457e38df620e4c7ab23e224aff70efe
NeoBundleLock vim-fugitive 03cc95cc198ea94a6a003a92cd0e58af4416ec25
NeoBundleLock vimshell 3787e52766812d8b99a93ccdda57517bc2a0bab6
